// !$*UTF8*$!
{
	archiveVersion = 1;
	classes = {
	};
	objectVersion = 50;
	objects = {

/* Begin PBXBuildFile section */
		C446665DD91FFC645C434D57 /* Pods_Social_Networking_and_Professional_Development.framework in Frameworks */ = {isa = PBXBuildFile; fileRef = 20833F0ACDCEFB8AE3FC9223 /* Pods_Social_Networking_and_Professional_Development.framework */; };
		F219AD4120F38CD900DD83C4 /* Sign Out.png in Resources */ = {isa = PBXBuildFile; fileRef = F219AD4020F38CD900DD83C4 /* Sign Out.png */; };
		F219AD4320F38FF100DD83C4 /* Profile.png in Resources */ = {isa = PBXBuildFile; fileRef = F219AD4220F38FF100DD83C4 /* Profile.png */; };
		F22F1AE020F37891004FCF61 /* ProfileVC.swift in Sources */ = {isa = PBXBuildFile; fileRef = F22F1ADF20F37890004FCF61 /* ProfileVC.swift */; };
		F22F1AE420F3797F004FCF61 /* ButtonTableViewCell.xib in Resources */ = {isa = PBXBuildFile; fileRef = F22F1AE120F3797D004FCF61 /* ButtonTableViewCell.xib */; };
		F22F1AE620F3797F004FCF61 /* TopTableViewCell.xib in Resources */ = {isa = PBXBuildFile; fileRef = F22F1AE320F3797F004FCF61 /* TopTableViewCell.xib */; };
		F22F1AEB20F37995004FCF61 /* TopTableViewCell.swift in Sources */ = {isa = PBXBuildFile; fileRef = F22F1AE820F37994004FCF61 /* TopTableViewCell.swift */; };
		F22F1AEC20F37995004FCF61 /* ButtonTableViewCell.swift in Sources */ = {isa = PBXBuildFile; fileRef = F22F1AE920F37995004FCF61 /* ButtonTableViewCell.swift */; };
		F22F1AEF20F38898004FCF61 /* feedback.png in Resources */ = {isa = PBXBuildFile; fileRef = F22F1AED20F38898004FCF61 /* feedback.png */; };
		F22F1AF020F38898004FCF61 /* help.png in Resources */ = {isa = PBXBuildFile; fileRef = F22F1AEE20F38898004FCF61 /* help.png */; };
		F247BEF720FF5E03003B409E /* CollectionVC.swift in Sources */ = {isa = PBXBuildFile; fileRef = F247BEF620FF5E03003B409E /* CollectionVC.swift */; };
		F247BEF920FF5EB9003B409E /* PlanningVC.swift in Sources */ = {isa = PBXBuildFile; fileRef = F247BEF820FF5EB9003B409E /* PlanningVC.swift */; };
		F254C1D520F89CA100177BEA /* DetailVC.swift in Sources */ = {isa = PBXBuildFile; fileRef = F254C1D420F89CA100177BEA /* DetailVC.swift */; };
		F254C1D720F8A98E00177BEA /* no image.jpeg in Resources */ = {isa = PBXBuildFile; fileRef = F254C1D620F8A98D00177BEA /* no image.jpeg */; };
		F2586BAC20FC5F7900E3D51D /* AdminChatVC.swift in Sources */ = {isa = PBXBuildFile; fileRef = F2586BAB20FC5F7900E3D51D /* AdminChatVC.swift */; };
		F25D15D520ECC63C00E5BCF5 /* purchaseCell.swift in Sources */ = {isa = PBXBuildFile; fileRef = F25D15D420ECC63C00E5BCF5 /* purchaseCell.swift */; };
		F25D15DB20ECCB0800E5BCF5 /* PurchaseVC.swift in Sources */ = {isa = PBXBuildFile; fileRef = F25D15DA20ECCB0800E5BCF5 /* PurchaseVC.swift */; };
		F25D15DD20ECD18800E5BCF5 /* sample.png in Resources */ = {isa = PBXBuildFile; fileRef = F25D15DC20ECD18800E5BCF5 /* sample.png */; };
		F25D15DF20ECDCA100E5BCF5 /* friend.jpeg in Resources */ = {isa = PBXBuildFile; fileRef = F25D15DE20ECDCA100E5BCF5 /* friend.jpeg */; };
		F25D15E120ECDD3800E5BCF5 /* FriendVC.swift in Sources */ = {isa = PBXBuildFile; fileRef = F25D15E020ECDD3800E5BCF5 /* FriendVC.swift */; };
		F25D15E320ECDD5F00E5BCF5 /* FriendCell.swift in Sources */ = {isa = PBXBuildFile; fileRef = F25D15E220ECDD5F00E5BCF5 /* FriendCell.swift */; };
		F25D15E520ECE18200E5BCF5 /* research-picture.jpeg in Resources */ = {isa = PBXBuildFile; fileRef = F25D15E420ECE18200E5BCF5 /* research-picture.jpeg */; };
		F25DEB5320EA138D00594F3E /* SignUpVC.swift in Sources */ = {isa = PBXBuildFile; fileRef = F25DEB5220EA138D00594F3E /* SignUpVC.swift */; };
		F25DEB5520EA13AE00594F3E /* ForgetVC.swift in Sources */ = {isa = PBXBuildFile; fileRef = F25DEB5420EA13AE00594F3E /* ForgetVC.swift */; };
		F278F2C220F7F76A00F45A0A /* Custom_Label.swift in Sources */ = {isa = PBXBuildFile; fileRef = F278F2BB20F7F76600F45A0A /* Custom_Label.swift */; };
		F278F2C320F7F76A00F45A0A /* Custom_View.swift in Sources */ = {isa = PBXBuildFile; fileRef = F278F2BC20F7F76700F45A0A /* Custom_View.swift */; };
		F278F2C420F7F76A00F45A0A /* customTF.swift in Sources */ = {isa = PBXBuildFile; fileRef = F278F2BD20F7F76800F45A0A /* customTF.swift */; };
		F278F2C520F7F76A00F45A0A /* ConfigureUserInterface.swift in Sources */ = {isa = PBXBuildFile; fileRef = F278F2BE20F7F76800F45A0A /* ConfigureUserInterface.swift */; };
		F278F2C620F7F76A00F45A0A /* Custom_Button.swift in Sources */ = {isa = PBXBuildFile; fileRef = F278F2BF20F7F76900F45A0A /* Custom_Button.swift */; };
		F278F2C720F7F76A00F45A0A /* Custom_ImageView.swift in Sources */ = {isa = PBXBuildFile; fileRef = F278F2C020F7F76A00F45A0A /* Custom_ImageView.swift */; };
		F278F2C820F7F76A00F45A0A /* UnderlinedTextField.swift in Sources */ = {isa = PBXBuildFile; fileRef = F278F2C120F7F76A00F45A0A /* UnderlinedTextField.swift */; };
		F278F2CA20F7FB0E00F45A0A /* OfferVC.swift in Sources */ = {isa = PBXBuildFile; fileRef = F278F2C920F7FB0E00F45A0A /* OfferVC.swift */; };
		F278F2CC20F7FB7900F45A0A /* OfferCell.swift in Sources */ = {isa = PBXBuildFile; fileRef = F278F2CB20F7FB7900F45A0A /* OfferCell.swift */; };
		F279016620FB264D0003AB52 /* person.png in Resources */ = {isa = PBXBuildFile; fileRef = F279016520FB264C0003AB52 /* person.png */; };
		F279016820FB273D0003AB52 /* chatViewController.swift in Sources */ = {isa = PBXBuildFile; fileRef = F279016720FB273D0003AB52 /* chatViewController.swift */; };
		F282894120E612A7002A45B5 /* purchase.png in Resources */ = {isa = PBXBuildFile; fileRef = F282893A20E612A7002A45B5 /* purchase.png */; };
		F282894220E612A7002A45B5 /* chat.png in Resources */ = {isa = PBXBuildFile; fileRef = F282893B20E612A7002A45B5 /* chat.png */; };
		F282894320E612A7002A45B5 /* friend.png in Resources */ = {isa = PBXBuildFile; fileRef = F282893C20E612A7002A45B5 /* friend.png */; };
		F282894420E612A7002A45B5 /* offer.png in Resources */ = {isa = PBXBuildFile; fileRef = F282893D20E612A7002A45B5 /* offer.png */; };
		F282894520E612A7002A45B5 /* logo.png in Resources */ = {isa = PBXBuildFile; fileRef = F282893E20E612A7002A45B5 /* logo.png */; };
		F282894620E612A7002A45B5 /* plan.png in Resources */ = {isa = PBXBuildFile; fileRef = F282893F20E612A7002A45B5 /* plan.png */; };
		F282894720E612A7002A45B5 /* setting.png in Resources */ = {isa = PBXBuildFile; fileRef = F282894020E612A7002A45B5 /* setting.png */; };
		F282895120E61826002A45B5 /* password.png in Resources */ = {isa = PBXBuildFile; fileRef = F282894F20E61826002A45B5 /* password.png */; };
		F282895220E61826002A45B5 /* email.png in Resources */ = {isa = PBXBuildFile; fileRef = F282895020E61826002A45B5 /* email.png */; };
		F28E99A02100A204003B4CE6 /* DateCheckinVC.swift in Sources */ = {isa = PBXBuildFile; fileRef = F28E999F2100A204003B4CE6 /* DateCheckinVC.swift */; };
		F28ED83220E67AD5007FBF8F /* add-image.png in Resources */ = {isa = PBXBuildFile; fileRef = F28ED83120E67AD4007FBF8F /* add-image.png */; };
		F29FBD6020FF9453006B2063 /* CareerVC.swift in Sources */ = {isa = PBXBuildFile; fileRef = F29FBD5F20FF9453006B2063 /* CareerVC.swift */; };
		F29FBD6220FF95CD006B2063 /* log.png in Resources */ = {isa = PBXBuildFile; fileRef = F29FBD6120FF95CC006B2063 /* log.png */; };
		F29FBD6420FF9A21006B2063 /* CPD_Cell.swift in Sources */ = {isa = PBXBuildFile; fileRef = F29FBD6320FF9A21006B2063 /* CPD_Cell.swift */; };
		F2DAF1E820F8CF8E007BF7DC /* CheckOutVC.swift in Sources */ = {isa = PBXBuildFile; fileRef = F2DAF1E720F8CF8E007BF7DC /* CheckOutVC.swift */; };
		F2E203CA20E60D2800E3B5B2 /* AppDelegate.swift in Sources */ = {isa = PBXBuildFile; fileRef = F2E203C920E60D2800E3B5B2 /* AppDelegate.swift */; };
		F2E203CC20E60D2800E3B5B2 /* SignInVC.swift in Sources */ = {isa = PBXBuildFile; fileRef = F2E203CB20E60D2800E3B5B2 /* SignInVC.swift */; };
		F2E203CF20E60D2800E3B5B2 /* Main.storyboard in Resources */ = {isa = PBXBuildFile; fileRef = F2E203CD20E60D2800E3B5B2 /* Main.storyboard */; };
		F2E203D120E60D2900E3B5B2 /* Assets.xcassets in Resources */ = {isa = PBXBuildFile; fileRef = F2E203D020E60D2900E3B5B2 /* Assets.xcassets */; };
		F2E203D420E60D2900E3B5B2 /* LaunchScreen.storyboard in Resources */ = {isa = PBXBuildFile; fileRef = F2E203D220E60D2900E3B5B2 /* LaunchScreen.storyboard */; };
		F2E203DC20E60E2D00E3B5B2 /* GoogleService-Info.plist in Resources */ = {isa = PBXBuildFile; fileRef = F2E203DB20E60E2D00E3B5B2 /* GoogleService-Info.plist */; };
		F2F0D28720EB7F0D0098CF97 /* CourseVC.swift in Sources */ = {isa = PBXBuildFile; fileRef = F2F0D28620EB7F0D0098CF97 /* CourseVC.swift */; };
		F2F0D28920EB88820098CF97 /* CourseCell.swift in Sources */ = {isa = PBXBuildFile; fileRef = F2F0D28820EB88820098CF97 /* CourseCell.swift */; };
/* End PBXBuildFile section */

/* Begin PBXFileReference section */
		20833F0ACDCEFB8AE3FC9223 /* Pods_Social_Networking_and_Professional_Development.framework */ = {isa = PBXFileReference; explicitFileType = wrapper.framework; includeInIndex = 0; path = Pods_Social_Networking_and_Professional_Development.framework; sourceTree = BUILT_PRODUCTS_DIR; };
		47C36A70C714431C8ADC4025 /* Pods-Social Networking and Professional Development.debug.xcconfig */ = {isa = PBXFileReference; includeInIndex = 1; lastKnownFileType = text.xcconfig; name = "Pods-Social Networking and Professional Development.debug.xcconfig"; path = "Pods/Target Support Files/Pods-Social Networking and Professional Development/Pods-Social Networking and Professional Development.debug.xcconfig"; sourceTree = "<group>"; };
		62984F19ACBAE4AFCA1A4475 /* Pods-Social Networking and Professional Development.release.xcconfig */ = {isa = PBXFileReference; includeInIndex = 1; lastKnownFileType = text.xcconfig; name = "Pods-Social Networking and Professional Development.release.xcconfig"; path = "Pods/Target Support Files/Pods-Social Networking and Professional Development/Pods-Social Networking and Professional Development.release.xcconfig"; sourceTree = "<group>"; };
		F219AD4020F38CD900DD83C4 /* Sign Out.png */ = {isa = PBXFileReference; lastKnownFileType = image.png; path = "Sign Out.png"; sourceTree = "<group>"; };
		F219AD4220F38FF100DD83C4 /* Profile.png */ = {isa = PBXFileReference; lastKnownFileType = image.png; path = Profile.png; sourceTree = "<group>"; };
		F22F1ADF20F37890004FCF61 /* ProfileVC.swift */ = {isa = PBXFileReference; fileEncoding = 4; lastKnownFileType = sourcecode.swift; path = ProfileVC.swift; sourceTree = "<group>"; };
		F22F1AE120F3797D004FCF61 /* ButtonTableViewCell.xib */ = {isa = PBXFileReference; fileEncoding = 4; lastKnownFileType = file.xib; path = ButtonTableViewCell.xib; sourceTree = "<group>"; };
		F22F1AE320F3797F004FCF61 /* TopTableViewCell.xib */ = {isa = PBXFileReference; fileEncoding = 4; lastKnownFileType = file.xib; path = TopTableViewCell.xib; sourceTree = "<group>"; };
		F22F1AE820F37994004FCF61 /* TopTableViewCell.swift */ = {isa = PBXFileReference; fileEncoding = 4; lastKnownFileType = sourcecode.swift; path = TopTableViewCell.swift; sourceTree = "<group>"; };
		F22F1AE920F37995004FCF61 /* ButtonTableViewCell.swift */ = {isa = PBXFileReference; fileEncoding = 4; lastKnownFileType = sourcecode.swift; path = ButtonTableViewCell.swift; sourceTree = "<group>"; };
		F22F1AED20F38898004FCF61 /* feedback.png */ = {isa = PBXFileReference; lastKnownFileType = image.png; path = feedback.png; sourceTree = "<group>"; };
		F22F1AEE20F38898004FCF61 /* help.png */ = {isa = PBXFileReference; lastKnownFileType = image.png; path = help.png; sourceTree = "<group>"; };
		F247BEF620FF5E03003B409E /* CollectionVC.swift */ = {isa = PBXFileReference; lastKnownFileType = sourcecode.swift; path = CollectionVC.swift; sourceTree = "<group>"; };
		F247BEF820FF5EB9003B409E /* PlanningVC.swift */ = {isa = PBXFileReference; lastKnownFileType = sourcecode.swift; path = PlanningVC.swift; sourceTree = "<group>"; };
		F254C1D420F89CA100177BEA /* DetailVC.swift */ = {isa = PBXFileReference; lastKnownFileType = sourcecode.swift; path = DetailVC.swift; sourceTree = "<group>"; };
		F254C1D620F8A98D00177BEA /* no image.jpeg */ = {isa = PBXFileReference; lastKnownFileType = image.jpeg; path = "no image.jpeg"; sourceTree = "<group>"; };
		F2586BAB20FC5F7900E3D51D /* AdminChatVC.swift */ = {isa = PBXFileReference; lastKnownFileType = sourcecode.swift; path = AdminChatVC.swift; sourceTree = "<group>"; };
		F25D15D420ECC63C00E5BCF5 /* purchaseCell.swift */ = {isa = PBXFileReference; lastKnownFileType = sourcecode.swift; path = purchaseCell.swift; sourceTree = "<group>"; };
		F25D15DA20ECCB0800E5BCF5 /* PurchaseVC.swift */ = {isa = PBXFileReference; lastKnownFileType = sourcecode.swift; path = PurchaseVC.swift; sourceTree = "<group>"; };
		F25D15DC20ECD18800E5BCF5 /* sample.png */ = {isa = PBXFileReference; lastKnownFileType = image.png; path = sample.png; sourceTree = "<group>"; };
		F25D15DE20ECDCA100E5BCF5 /* friend.jpeg */ = {isa = PBXFileReference; lastKnownFileType = image.jpeg; path = friend.jpeg; sourceTree = "<group>"; };
		F25D15E020ECDD3800E5BCF5 /* FriendVC.swift */ = {isa = PBXFileReference; lastKnownFileType = sourcecode.swift; path = FriendVC.swift; sourceTree = "<group>"; };
		F25D15E220ECDD5F00E5BCF5 /* FriendCell.swift */ = {isa = PBXFileReference; lastKnownFileType = sourcecode.swift; path = FriendCell.swift; sourceTree = "<group>"; };
		F25D15E420ECE18200E5BCF5 /* research-picture.jpeg */ = {isa = PBXFileReference; lastKnownFileType = image.jpeg; name = "research-picture.jpeg"; path = "../../../SN&PD (images)/research-picture.jpeg"; sourceTree = "<group>"; };
		F25DEB5220EA138D00594F3E /* SignUpVC.swift */ = {isa = PBXFileReference; lastKnownFileType = sourcecode.swift; path = SignUpVC.swift; sourceTree = "<group>"; };
		F25DEB5420EA13AE00594F3E /* ForgetVC.swift */ = {isa = PBXFileReference; lastKnownFileType = sourcecode.swift; path = ForgetVC.swift; sourceTree = "<group>"; };
		F278F2BB20F7F76600F45A0A /* Custom_Label.swift */ = {isa = PBXFileReference; fileEncoding = 4; lastKnownFileType = sourcecode.swift; path = Custom_Label.swift; sourceTree = "<group>"; };
		F278F2BC20F7F76700F45A0A /* Custom_View.swift */ = {isa = PBXFileReference; fileEncoding = 4; lastKnownFileType = sourcecode.swift; path = Custom_View.swift; sourceTree = "<group>"; };
		F278F2BD20F7F76800F45A0A /* customTF.swift */ = {isa = PBXFileReference; fileEncoding = 4; lastKnownFileType = sourcecode.swift; path = customTF.swift; sourceTree = "<group>"; };
		F278F2BE20F7F76800F45A0A /* ConfigureUserInterface.swift */ = {isa = PBXFileReference; fileEncoding = 4; lastKnownFileType = sourcecode.swift; path = ConfigureUserInterface.swift; sourceTree = "<group>"; };
		F278F2BF20F7F76900F45A0A /* Custom_Button.swift */ = {isa = PBXFileReference; fileEncoding = 4; lastKnownFileType = sourcecode.swift; path = Custom_Button.swift; sourceTree = "<group>"; };
		F278F2C020F7F76A00F45A0A /* Custom_ImageView.swift */ = {isa = PBXFileReference; fileEncoding = 4; lastKnownFileType = sourcecode.swift; path = Custom_ImageView.swift; sourceTree = "<group>"; };
		F278F2C120F7F76A00F45A0A /* UnderlinedTextField.swift */ = {isa = PBXFileReference; fileEncoding = 4; lastKnownFileType = sourcecode.swift; path = UnderlinedTextField.swift; sourceTree = "<group>"; };
		F278F2C920F7FB0E00F45A0A /* OfferVC.swift */ = {isa = PBXFileReference; lastKnownFileType = sourcecode.swift; path = OfferVC.swift; sourceTree = "<group>"; };
		F278F2CB20F7FB7900F45A0A /* OfferCell.swift */ = {isa = PBXFileReference; lastKnownFileType = sourcecode.swift; path = OfferCell.swift; sourceTree = "<group>"; };
		F279016520FB264C0003AB52 /* person.png */ = {isa = PBXFileReference; lastKnownFileType = image.png; path = person.png; sourceTree = "<group>"; };
		F279016720FB273D0003AB52 /* chatViewController.swift */ = {isa = PBXFileReference; fileEncoding = 4; lastKnownFileType = sourcecode.swift; path = chatViewController.swift; sourceTree = "<group>"; };
		F282893A20E612A7002A45B5 /* purchase.png */ = {isa = PBXFileReference; lastKnownFileType = image.png; name = purchase.png; path = "../../../SN&PD (images)/purchase.png"; sourceTree = "<group>"; };
		F282893B20E612A7002A45B5 /* chat.png */ = {isa = PBXFileReference; lastKnownFileType = image.png; name = chat.png; path = "../../../SN&PD (images)/chat.png"; sourceTree = "<group>"; };
		F282893C20E612A7002A45B5 /* friend.png */ = {isa = PBXFileReference; lastKnownFileType = image.png; name = friend.png; path = "../../../SN&PD (images)/friend.png"; sourceTree = "<group>"; };
		F282893D20E612A7002A45B5 /* offer.png */ = {isa = PBXFileReference; lastKnownFileType = image.png; name = offer.png; path = "../../../SN&PD (images)/offer.png"; sourceTree = "<group>"; };
		F282893E20E612A7002A45B5 /* logo.png */ = {isa = PBXFileReference; lastKnownFileType = image.png; name = logo.png; path = "../../../SN&PD (images)/logo.png"; sourceTree = "<group>"; };
		F282893F20E612A7002A45B5 /* plan.png */ = {isa = PBXFileReference; lastKnownFileType = image.png; name = plan.png; path = "../../../SN&PD (images)/plan.png"; sourceTree = "<group>"; };
		F282894020E612A7002A45B5 /* setting.png */ = {isa = PBXFileReference; lastKnownFileType = image.png; name = setting.png; path = "../../../SN&PD (images)/setting.png"; sourceTree = "<group>"; };
		F282894F20E61826002A45B5 /* password.png */ = {isa = PBXFileReference; lastKnownFileType = image.png; name = password.png; path = "../../../SN&PD (images)/password.png"; sourceTree = "<group>"; };
		F282895020E61826002A45B5 /* email.png */ = {isa = PBXFileReference; lastKnownFileType = image.png; name = email.png; path = "../../../SN&PD (images)/email.png"; sourceTree = "<group>"; };
		F28E999F2100A204003B4CE6 /* DateCheckinVC.swift */ = {isa = PBXFileReference; fileEncoding = 4; lastKnownFileType = sourcecode.swift; path = DateCheckinVC.swift; sourceTree = "<group>"; };
		F28ED83120E67AD4007FBF8F /* add-image.png */ = {isa = PBXFileReference; lastKnownFileType = image.png; name = "add-image.png"; path = "../../../SN&PD (images)/add-image.png"; sourceTree = "<group>"; };
		F29FBD5F20FF9453006B2063 /* CareerVC.swift */ = {isa = PBXFileReference; lastKnownFileType = sourcecode.swift; path = CareerVC.swift; sourceTree = "<group>"; };
		F29FBD6120FF95CC006B2063 /* log.png */ = {isa = PBXFileReference; lastKnownFileType = image.png; path = log.png; sourceTree = "<group>"; };
		F29FBD6320FF9A21006B2063 /* CPD_Cell.swift */ = {isa = PBXFileReference; lastKnownFileType = sourcecode.swift; path = CPD_Cell.swift; sourceTree = "<group>"; };
		F2DAF1E720F8CF8E007BF7DC /* CheckOutVC.swift */ = {isa = PBXFileReference; lastKnownFileType = sourcecode.swift; path = CheckOutVC.swift; sourceTree = "<group>"; };
		F2E203C620E60D2800E3B5B2 /* Social Networking and Professional Development.app */ = {isa = PBXFileReference; explicitFileType = wrapper.application; includeInIndex = 0; path = "Social Networking and Professional Development.app"; sourceTree = BUILT_PRODUCTS_DIR; };
		F2E203C920E60D2800E3B5B2 /* AppDelegate.swift */ = {isa = PBXFileReference; lastKnownFileType = sourcecode.swift; path = AppDelegate.swift; sourceTree = "<group>"; };
		F2E203CB20E60D2800E3B5B2 /* SignInVC.swift */ = {isa = PBXFileReference; lastKnownFileType = sourcecode.swift; path = SignInVC.swift; sourceTree = "<group>"; };
		F2E203CE20E60D2800E3B5B2 /* Base */ = {isa = PBXFileReference; lastKnownFileType = file.storyboard; name = Base; path = Base.lproj/Main.storyboard; sourceTree = "<group>"; };
		F2E203D020E60D2900E3B5B2 /* Assets.xcassets */ = {isa = PBXFileReference; lastKnownFileType = folder.assetcatalog; path = Assets.xcassets; sourceTree = "<group>"; };
		F2E203D320E60D2900E3B5B2 /* Base */ = {isa = PBXFileReference; lastKnownFileType = file.storyboard; name = Base; path = Base.lproj/LaunchScreen.storyboard; sourceTree = "<group>"; };
		F2E203D520E60D2900E3B5B2 /* Info.plist */ = {isa = PBXFileReference; lastKnownFileType = text.plist.xml; path = Info.plist; sourceTree = "<group>"; };
		F2E203DB20E60E2D00E3B5B2 /* GoogleService-Info.plist */ = {isa = PBXFileReference; fileEncoding = 4; lastKnownFileType = text.plist.xml; path = "GoogleService-Info.plist"; sourceTree = "<group>"; };
		F2F0D28620EB7F0D0098CF97 /* CourseVC.swift */ = {isa = PBXFileReference; lastKnownFileType = sourcecode.swift; path = CourseVC.swift; sourceTree = "<group>"; };
		F2F0D28820EB88820098CF97 /* CourseCell.swift */ = {isa = PBXFileReference; lastKnownFileType = sourcecode.swift; path = CourseCell.swift; sourceTree = "<group>"; };
/* End PBXFileReference section */

/* Begin PBXFrameworksBuildPhase section */
		F2E203C320E60D2800E3B5B2 /* Frameworks */ = {
			isa = PBXFrameworksBuildPhase;
			buildActionMask = 2147483647;
			files = (
				C446665DD91FFC645C434D57 /* Pods_Social_Networking_and_Professional_Development.framework in Frameworks */,
			);
			runOnlyForDeploymentPostprocessing = 0;
		};
/* End PBXFrameworksBuildPhase section */

/* Begin PBXGroup section */
		93926754D9A849C7FA11D878 /* Frameworks */ = {
			isa = PBXGroup;
			children = (
				20833F0ACDCEFB8AE3FC9223 /* Pods_Social_Networking_and_Professional_Development.framework */,
			);
			name = Frameworks;
			sourceTree = "<group>";
		};
		D2854AE9AAC479A79C498352 /* Pods */ = {
			isa = PBXGroup;
			children = (
				47C36A70C714431C8ADC4025 /* Pods-Social Networking and Professional Development.debug.xcconfig */,
				62984F19ACBAE4AFCA1A4475 /* Pods-Social Networking and Professional Development.release.xcconfig */,
			);
			name = Pods;
			sourceTree = "<group>";
		};
		F2187FB420EE202C00ED90AF /* Controller */ = {
			isa = PBXGroup;
			children = (
				F28E999F2100A204003B4CE6 /* DateCheckinVC.swift */,
				F279016720FB273D0003AB52 /* chatViewController.swift */,
				F25DEB5420EA13AE00594F3E /* ForgetVC.swift */,
				F2E203CB20E60D2800E3B5B2 /* SignInVC.swift */,
				F25DEB5220EA138D00594F3E /* SignUpVC.swift */,
				F2F0D28620EB7F0D0098CF97 /* CourseVC.swift */,
				F25D15DA20ECCB0800E5BCF5 /* PurchaseVC.swift */,
				F25D15E020ECDD3800E5BCF5 /* FriendVC.swift */,
				F22F1ADF20F37890004FCF61 /* ProfileVC.swift */,
				F278F2C920F7FB0E00F45A0A /* OfferVC.swift */,
				F254C1D420F89CA100177BEA /* DetailVC.swift */,
				F2DAF1E720F8CF8E007BF7DC /* CheckOutVC.swift */,
				F2586BAB20FC5F7900E3D51D /* AdminChatVC.swift */,
				F247BEF620FF5E03003B409E /* CollectionVC.swift */,
				F247BEF820FF5EB9003B409E /* PlanningVC.swift */,
				F29FBD5F20FF9453006B2063 /* CareerVC.swift */,
			);
			path = Controller;
			sourceTree = "<group>";
		};
		F2187FB520EE204F00ED90AF /* TableCell */ = {
			isa = PBXGroup;
			children = (
				F2F0D28820EB88820098CF97 /* CourseCell.swift */,
				F25D15D420ECC63C00E5BCF5 /* purchaseCell.swift */,
				F25D15E220ECDD5F00E5BCF5 /* FriendCell.swift */,
				F22F1AE920F37995004FCF61 /* ButtonTableViewCell.swift */,
				F22F1AE820F37994004FCF61 /* TopTableViewCell.swift */,
				F278F2CB20F7FB7900F45A0A /* OfferCell.swift */,
				F29FBD6320FF9A21006B2063 /* CPD_Cell.swift */,
			);
			path = TableCell;
			sourceTree = "<group>";
		};
		F22F1AF520F38B15004FCF61 /* View */ = {
			isa = PBXGroup;
			children = (
				F2E203CD20E60D2800E3B5B2 /* Main.storyboard */,
				F22F1AE120F3797D004FCF61 /* ButtonTableViewCell.xib */,
				F22F1AE320F3797F004FCF61 /* TopTableViewCell.xib */,
			);
			path = View;
			sourceTree = "<group>";
		};
		F282893920E61239002A45B5 /* Image */ = {
			isa = PBXGroup;
			children = (
				F279016520FB264C0003AB52 /* person.png */,
				F29FBD6120FF95CC006B2063 /* log.png */,
				F219AD4020F38CD900DD83C4 /* Sign Out.png */,
				F22F1AED20F38898004FCF61 /* feedback.png */,
				F22F1AEE20F38898004FCF61 /* help.png */,
				F25D15E420ECE18200E5BCF5 /* research-picture.jpeg */,
				F25D15DC20ECD18800E5BCF5 /* sample.png */,
				F219AD4220F38FF100DD83C4 /* Profile.png */,
				F25D15DE20ECDCA100E5BCF5 /* friend.jpeg */,
				F28ED83120E67AD4007FBF8F /* add-image.png */,
				F282895020E61826002A45B5 /* email.png */,
				F282894F20E61826002A45B5 /* password.png */,
				F282893B20E612A7002A45B5 /* chat.png */,
				F282893C20E612A7002A45B5 /* friend.png */,
				F254C1D620F8A98D00177BEA /* no image.jpeg */,
				F282893E20E612A7002A45B5 /* logo.png */,
				F282893D20E612A7002A45B5 /* offer.png */,
				F282893F20E612A7002A45B5 /* plan.png */,
				F282893A20E612A7002A45B5 /* purchase.png */,
				F282894020E612A7002A45B5 /* setting.png */,
			);
			path = Image;
			sourceTree = "<group>";
		};
		F282894820E614BA002A45B5 /* Customize */ = {
			isa = PBXGroup;
			children = (
				F278F2BE20F7F76800F45A0A /* ConfigureUserInterface.swift */,
				F278F2BF20F7F76900F45A0A /* Custom_Button.swift */,
				F278F2C020F7F76A00F45A0A /* Custom_ImageView.swift */,
				F278F2BB20F7F76600F45A0A /* Custom_Label.swift */,
				F278F2BC20F7F76700F45A0A /* Custom_View.swift */,
				F278F2BD20F7F76800F45A0A /* customTF.swift */,
				F278F2C120F7F76A00F45A0A /* UnderlinedTextField.swift */,
			);
			path = Customize;
			sourceTree = "<group>";
		};
		F2E203BD20E60D2800E3B5B2 = {
			isa = PBXGroup;
			children = (
				F2E203C820E60D2800E3B5B2 /* Social Networking and Professional Development */,
				F2E203C720E60D2800E3B5B2 /* Products */,
				D2854AE9AAC479A79C498352 /* Pods */,
				93926754D9A849C7FA11D878 /* Frameworks */,
			);
			sourceTree = "<group>";
		};
		F2E203C720E60D2800E3B5B2 /* Products */ = {
			isa = PBXGroup;
			children = (
				F2E203C620E60D2800E3B5B2 /* Social Networking and Professional Development.app */,
			);
			name = Products;
			sourceTree = "<group>";
		};
		F2E203C820E60D2800E3B5B2 /* Social Networking and Professional Development */ = {
			isa = PBXGroup;
			children = (
				F2E203C920E60D2800E3B5B2 /* AppDelegate.swift */,
				F282894820E614BA002A45B5 /* Customize */,
				F282893920E61239002A45B5 /* Image */,
				F2187FB420EE202C00ED90AF /* Controller */,
				F2187FB520EE204F00ED90AF /* TableCell */,
				F22F1AF520F38B15004FCF61 /* View */,
				F2E203D020E60D2900E3B5B2 /* Assets.xcassets */,
				F2E203D220E60D2900E3B5B2 /* LaunchScreen.storyboard */,
				F2E203D520E60D2900E3B5B2 /* Info.plist */,
				F2E203DB20E60E2D00E3B5B2 /* GoogleService-Info.plist */,
			);
			path = "Social Networking and Professional Development";
			sourceTree = "<group>";
		};
/* End PBXGroup section */

/* Begin PBXNativeTarget section */
		F2E203C520E60D2800E3B5B2 /* Social Networking and Professional Development */ = {
			isa = PBXNativeTarget;
			buildConfigurationList = F2E203D820E60D2900E3B5B2 /* Build configuration list for PBXNativeTarget "Social Networking and Professional Development" */;
			buildPhases = (
				FDA715F0CB6A65FD036C3047 /* [CP] Check Pods Manifest.lock */,
				F2E203C220E60D2800E3B5B2 /* Sources */,
				F2E203C320E60D2800E3B5B2 /* Frameworks */,
				F2E203C420E60D2800E3B5B2 /* Resources */,
				679A36A218FE6A65CAAC59B8 /* [CP] Embed Pods Frameworks */,
			);
			buildRules = (
			);
			dependencies = (
			);
			name = "Social Networking and Professional Development";
			productName = "Social Networking and Professional Development";
			productReference = F2E203C620E60D2800E3B5B2 /* Social Networking and Professional Development.app */;
			productType = "com.apple.product-type.application";
		};
/* End PBXNativeTarget section */

/* Begin PBXProject section */
		F2E203BE20E60D2800E3B5B2 /* Project object */ = {
			isa = PBXProject;
			attributes = {
				LastSwiftUpdateCheck = 0940;
				LastUpgradeCheck = 0940;
				ORGANIZATIONNAME = "Syed ShahRukh Haider";
				TargetAttributes = {
					F2E203C520E60D2800E3B5B2 = {
						CreatedOnToolsVersion = 9.4;
					};
				};
			};
			buildConfigurationList = F2E203C120E60D2800E3B5B2 /* Build configuration list for PBXProject "Social Networking and Professional Development" */;
			compatibilityVersion = "Xcode 9.3";
			developmentRegion = en;
			hasScannedForEncodings = 0;
			knownRegions = (
				en,
				Base,
			);
			mainGroup = F2E203BD20E60D2800E3B5B2;
			productRefGroup = F2E203C720E60D2800E3B5B2 /* Products */;
			projectDirPath = "";
			projectRoot = "";
			targets = (
				F2E203C520E60D2800E3B5B2 /* Social Networking and Professional Development */,
			);
		};
/* End PBXProject section */

/* Begin PBXResourcesBuildPhase section */
		F2E203C420E60D2800E3B5B2 /* Resources */ = {
			isa = PBXResourcesBuildPhase;
			buildActionMask = 2147483647;
			files = (
				F29FBD6220FF95CD006B2063 /* log.png in Resources */,
				F282894120E612A7002A45B5 /* purchase.png in Resources */,
				F254C1D720F8A98E00177BEA /* no image.jpeg in Resources */,
				F22F1AEF20F38898004FCF61 /* feedback.png in Resources */,
				F219AD4120F38CD900DD83C4 /* Sign Out.png in Resources */,
				F279016620FB264D0003AB52 /* person.png in Resources */,
				F2E203D420E60D2900E3B5B2 /* LaunchScreen.storyboard in Resources */,
				F282894520E612A7002A45B5 /* logo.png in Resources */,
				F282894320E612A7002A45B5 /* friend.png in Resources */,
				F2E203DC20E60E2D00E3B5B2 /* GoogleService-Info.plist in Resources */,
				F219AD4320F38FF100DD83C4 /* Profile.png in Resources */,
				F282894720E612A7002A45B5 /* setting.png in Resources */,
				F282895120E61826002A45B5 /* password.png in Resources */,
				F22F1AE620F3797F004FCF61 /* TopTableViewCell.xib in Resources */,
				F25D15DF20ECDCA100E5BCF5 /* friend.jpeg in Resources */,
				F28ED83220E67AD5007FBF8F /* add-image.png in Resources */,
				F282895220E61826002A45B5 /* email.png in Resources */,
				F2E203D120E60D2900E3B5B2 /* Assets.xcassets in Resources */,
				F282894620E612A7002A45B5 /* plan.png in Resources */,
				F2E203CF20E60D2800E3B5B2 /* Main.storyboard in Resources */,
				F22F1AE420F3797F004FCF61 /* ButtonTableViewCell.xib in Resources */,
				F282894420E612A7002A45B5 /* offer.png in Resources */,
				F282894220E612A7002A45B5 /* chat.png in Resources */,
				F25D15DD20ECD18800E5BCF5 /* sample.png in Resources */,
				F22F1AF020F38898004FCF61 /* help.png in Resources */,
				F25D15E520ECE18200E5BCF5 /* research-picture.jpeg in Resources */,
			);
			runOnlyForDeploymentPostprocessing = 0;
		};
/* End PBXResourcesBuildPhase section */

/* Begin PBXShellScriptBuildPhase section */
		679A36A218FE6A65CAAC59B8 /* [CP] Embed Pods Frameworks */ = {
			isa = PBXShellScriptBuildPhase;
			buildActionMask = 2147483647;
			files = (
			);
			inputPaths = (
				"${SRCROOT}/Pods/Target Support Files/Pods-Social Networking and Professional Development/Pods-Social Networking and Professional Development-frameworks.sh",
				"${BUILT_PRODUCTS_DIR}/BoringSSL/openssl.framework",
				"${BUILT_PRODUCTS_DIR}/GTMSessionFetcher/GTMSessionFetcher.framework",
				"${BUILT_PRODUCTS_DIR}/GoogleToolboxForMac/GoogleToolboxForMac.framework",
				"${BUILT_PRODUCTS_DIR}/IQKeyboardManager/IQKeyboardManager.framework",
				"${BUILT_PRODUCTS_DIR}/JSQMessagesViewController/JSQMessagesViewController.framework",
				"${BUILT_PRODUCTS_DIR}/JSQSystemSoundPlayer/JSQSystemSoundPlayer.framework",
				"${BUILT_PRODUCTS_DIR}/Protobuf/Protobuf.framework",
				"${BUILT_PRODUCTS_DIR}/SDWebImage/SDWebImage.framework",
				"${BUILT_PRODUCTS_DIR}/XLPagerTabStrip/XLPagerTabStrip.framework",
				"${BUILT_PRODUCTS_DIR}/gRPC/GRPCClient.framework",
				"${BUILT_PRODUCTS_DIR}/gRPC-Core/grpc.framework",
				"${BUILT_PRODUCTS_DIR}/gRPC-ProtoRPC/ProtoRPC.framework",
				"${BUILT_PRODUCTS_DIR}/gRPC-RxLibrary/RxLibrary.framework",
				"${BUILT_PRODUCTS_DIR}/leveldb-library/leveldb.framework",
				"${BUILT_PRODUCTS_DIR}/nanopb/nanopb.framework",
			);
			name = "[CP] Embed Pods Frameworks";
			outputPaths = (
				"${TARGET_BUILD_DIR}/${FRAMEWORKS_FOLDER_PATH}/openssl.framework",
				"${TARGET_BUILD_DIR}/${FRAMEWORKS_FOLDER_PATH}/GTMSessionFetcher.framework",
				"${TARGET_BUILD_DIR}/${FRAMEWORKS_FOLDER_PATH}/GoogleToolboxForMac.framework",
				"${TARGET_BUILD_DIR}/${FRAMEWORKS_FOLDER_PATH}/IQKeyboardManager.framework",
				"${TARGET_BUILD_DIR}/${FRAMEWORKS_FOLDER_PATH}/JSQMessagesViewController.framework",
				"${TARGET_BUILD_DIR}/${FRAMEWORKS_FOLDER_PATH}/JSQSystemSoundPlayer.framework",
				"${TARGET_BUILD_DIR}/${FRAMEWORKS_FOLDER_PATH}/Protobuf.framework",
				"${TARGET_BUILD_DIR}/${FRAMEWORKS_FOLDER_PATH}/SDWebImage.framework",
				"${TARGET_BUILD_DIR}/${FRAMEWORKS_FOLDER_PATH}/XLPagerTabStrip.framework",
				"${TARGET_BUILD_DIR}/${FRAMEWORKS_FOLDER_PATH}/GRPCClient.framework",
				"${TARGET_BUILD_DIR}/${FRAMEWORKS_FOLDER_PATH}/grpc.framework",
				"${TARGET_BUILD_DIR}/${FRAMEWORKS_FOLDER_PATH}/ProtoRPC.framework",
				"${TARGET_BUILD_DIR}/${FRAMEWORKS_FOLDER_PATH}/RxLibrary.framework",
				"${TARGET_BUILD_DIR}/${FRAMEWORKS_FOLDER_PATH}/leveldb.framework",
				"${TARGET_BUILD_DIR}/${FRAMEWORKS_FOLDER_PATH}/nanopb.framework",
			);
			runOnlyForDeploymentPostprocessing = 0;
			shellPath = /bin/sh;
			shellScript = "\"${SRCROOT}/Pods/Target Support Files/Pods-Social Networking and Professional Development/Pods-Social Networking and Professional Development-frameworks.sh\"\n";
			showEnvVarsInLog = 0;
		};
		FDA715F0CB6A65FD036C3047 /* [CP] Check Pods Manifest.lock */ = {
			isa = PBXShellScriptBuildPhase;
			buildActionMask = 2147483647;
			files = (
			);
			inputPaths = (
				"${PODS_PODFILE_DIR_PATH}/Podfile.lock",
				"${PODS_ROOT}/Manifest.lock",
			);
			name = "[CP] Check Pods Manifest.lock";
			outputPaths = (
				"$(DERIVED_FILE_DIR)/Pods-Social Networking and Professional Development-checkManifestLockResult.txt",
			);
			runOnlyForDeploymentPostprocessing = 0;
			shellPath = /bin/sh;
			shellScript = "diff \"${PODS_PODFILE_DIR_PATH}/Podfile.lock\" \"${PODS_ROOT}/Manifest.lock\" > /dev/null\nif [ $? != 0 ] ; then\n    # print error to STDERR\n    echo \"error: The sandbox is not in sync with the Podfile.lock. Run 'pod install' or update your CocoaPods installation.\" >&2\n    exit 1\nfi\n# This output is used by Xcode 'outputs' to avoid re-running this script phase.\necho \"SUCCESS\" > \"${SCRIPT_OUTPUT_FILE_0}\"\n";
			showEnvVarsInLog = 0;
		};
/* End PBXShellScriptBuildPhase section */

/* Begin PBXSourcesBuildPhase section */
		F2E203C220E60D2800E3B5B2 /* Sources */ = {
			isa = PBXSourcesBuildPhase;
			buildActionMask = 2147483647;
			files = (
				F2586BAC20FC5F7900E3D51D /* AdminChatVC.swift in Sources */,
				F247BEF720FF5E03003B409E /* CollectionVC.swift in Sources */,
				F25D15DB20ECCB0800E5BCF5 /* PurchaseVC.swift in Sources */,
				F278F2C320F7F76A00F45A0A /* Custom_View.swift in Sources */,
				F22F1AE020F37891004FCF61 /* ProfileVC.swift in Sources */,
				F278F2C420F7F76A00F45A0A /* customTF.swift in Sources */,
				F29FBD6020FF9453006B2063 /* CareerVC.swift in Sources */,
				F25DEB5520EA13AE00594F3E /* ForgetVC.swift in Sources */,
				F254C1D520F89CA100177BEA /* DetailVC.swift in Sources */,
				F278F2C520F7F76A00F45A0A /* ConfigureUserInterface.swift in Sources */,
				F25D15D520ECC63C00E5BCF5 /* purchaseCell.swift in Sources */,
				F2E203CC20E60D2800E3B5B2 /* SignInVC.swift in Sources */,
				F278F2CC20F7FB7900F45A0A /* OfferCell.swift in Sources */,
				F2DAF1E820F8CF8E007BF7DC /* CheckOutVC.swift in Sources */,
				F22F1AEB20F37995004FCF61 /* TopTableViewCell.swift in Sources */,
				F278F2C820F7F76A00F45A0A /* UnderlinedTextField.swift in Sources */,
				F279016820FB273D0003AB52 /* chatViewController.swift in Sources */,
				F29FBD6420FF9A21006B2063 /* CPD_Cell.swift in Sources */,
				F2F0D28920EB88820098CF97 /* CourseCell.swift in Sources */,
				F2F0D28720EB7F0D0098CF97 /* CourseVC.swift in Sources */,
				F25DEB5320EA138D00594F3E /* SignUpVC.swift in Sources */,
				F247BEF920FF5EB9003B409E /* PlanningVC.swift in Sources */,
				F278F2C720F7F76A00F45A0A /* Custom_ImageView.swift in Sources */,
				F25D15E120ECDD3800E5BCF5 /* FriendVC.swift in Sources */,
				F278F2C220F7F76A00F45A0A /* Custom_Label.swift in Sources */,
				F278F2CA20F7FB0E00F45A0A /* OfferVC.swift in Sources */,
				F278F2C620F7F76A00F45A0A /* Custom_Button.swift in Sources */,
				F28E99A02100A204003B4CE6 /* DateCheckinVC.swift in Sources */,
				F25D15E320ECDD5F00E5BCF5 /* FriendCell.swift in Sources */,
				F2E203CA20E60D2800E3B5B2 /* AppDelegate.swift in Sources */,
				F22F1AEC20F37995004FCF61 /* ButtonTableViewCell.swift in Sources */,
			);
			runOnlyForDeploymentPostprocessing = 0;
		};
/* End PBXSourcesBuildPhase section */

/* Begin PBXVariantGroup section */
		F2E203CD20E60D2800E3B5B2 /* Main.storyboard */ = {
			isa = PBXVariantGroup;
			children = (
				F2E203CE20E60D2800E3B5B2 /* Base */,
			);
			name = Main.storyboard;
			sourceTree = "<group>";
		};
		F2E203D220E60D2900E3B5B2 /* LaunchScreen.storyboard */ = {
			isa = PBXVariantGroup;
			children = (
				F2E203D320E60D2900E3B5B2 /* Base */,
			);
			name = LaunchScreen.storyboard;
			sourceTree = "<group>";
		};
/* End PBXVariantGroup section */

/* Begin XCBuildConfiguration section */
		F2E203D620E60D2900E3B5B2 /* Debug */ = {
			isa = XCBuildConfiguration;
			buildSettings = {
				ALWAYS_SEARCH_USER_PATHS = NO;
				CLANG_ANALYZER_NONNULL = YES;
				CLANG_ANALYZER_NUMBER_OBJECT_CONVERSION = YES_AGGRESSIVE;
				CLANG_CXX_LANGUAGE_STANDARD = "gnu++14";
				CLANG_CXX_LIBRARY = "libc++";
				CLANG_ENABLE_MODULES = YES;
				CLANG_ENABLE_OBJC_ARC = YES;
				CLANG_ENABLE_OBJC_WEAK = YES;
				CLANG_WARN_BLOCK_CAPTURE_AUTORELEASING = YES;
				CLANG_WARN_BOOL_CONVERSION = YES;
				CLANG_WARN_COMMA = YES;
				CLANG_WARN_CONSTANT_CONVERSION = YES;
				CLANG_WARN_DEPRECATED_OBJC_IMPLEMENTATIONS = YES;
				CLANG_WARN_DIRECT_OBJC_ISA_USAGE = YES_ERROR;
				CLANG_WARN_DOCUMENTATION_COMMENTS = YES;
				CLANG_WARN_EMPTY_BODY = YES;
				CLANG_WARN_ENUM_CONVERSION = YES;
				CLANG_WARN_INFINITE_RECURSION = YES;
				CLANG_WARN_INT_CONVERSION = YES;
				CLANG_WARN_NON_LITERAL_NULL_CONVERSION = YES;
				CLANG_WARN_OBJC_IMPLICIT_RETAIN_SELF = YES;
				CLANG_WARN_OBJC_LITERAL_CONVERSION = YES;
				CLANG_WARN_OBJC_ROOT_CLASS = YES_ERROR;
				CLANG_WARN_RANGE_LOOP_ANALYSIS = YES;
				CLANG_WARN_STRICT_PROTOTYPES = YES;
				CLANG_WARN_SUSPICIOUS_MOVE = YES;
				CLANG_WARN_UNGUARDED_AVAILABILITY = YES_AGGRESSIVE;
				CLANG_WARN_UNREACHABLE_CODE = YES;
				CLANG_WARN__DUPLICATE_METHOD_MATCH = YES;
				CODE_SIGN_IDENTITY = "iPhone Developer";
				COPY_PHASE_STRIP = NO;
				DEBUG_INFORMATION_FORMAT = dwarf;
				ENABLE_STRICT_OBJC_MSGSEND = YES;
				ENABLE_TESTABILITY = YES;
				GCC_C_LANGUAGE_STANDARD = gnu11;
				GCC_DYNAMIC_NO_PIC = NO;
				GCC_NO_COMMON_BLOCKS = YES;
				GCC_OPTIMIZATION_LEVEL = 0;
				GCC_PREPROCESSOR_DEFINITIONS = (
					"DEBUG=1",
					"$(inherited)",
				);
				GCC_WARN_64_TO_32_BIT_CONVERSION = YES;
				GCC_WARN_ABOUT_RETURN_TYPE = YES_ERROR;
				GCC_WARN_UNDECLARED_SELECTOR = YES;
				GCC_WARN_UNINITIALIZED_AUTOS = YES_AGGRESSIVE;
				GCC_WARN_UNUSED_FUNCTION = YES;
				GCC_WARN_UNUSED_VARIABLE = YES;
				IPHONEOS_DEPLOYMENT_TARGET = 11.4;
				MTL_ENABLE_DEBUG_INFO = YES;
				ONLY_ACTIVE_ARCH = YES;
				SDKROOT = iphoneos;
				SWIFT_ACTIVE_COMPILATION_CONDITIONS = DEBUG;
				SWIFT_OPTIMIZATION_LEVEL = "-Onone";
			};
			name = Debug;
		};
		F2E203D720E60D2900E3B5B2 /* Release */ = {
			isa = XCBuildConfiguration;
			buildSettings = {
				ALWAYS_SEARCH_USER_PATHS = NO;
				CLANG_ANALYZER_NONNULL = YES;
				CLANG_ANALYZER_NUMBER_OBJECT_CONVERSION = YES_AGGRESSIVE;
				CLANG_CXX_LANGUAGE_STANDARD = "gnu++14";
				CLANG_CXX_LIBRARY = "libc++";
				CLANG_ENABLE_MODULES = YES;
				CLANG_ENABLE_OBJC_ARC = YES;
				CLANG_ENABLE_OBJC_WEAK = YES;
				CLANG_WARN_BLOCK_CAPTURE_AUTORELEASING = YES;
				CLANG_WARN_BOOL_CONVERSION = YES;
				CLANG_WARN_COMMA = YES;
				CLANG_WARN_CONSTANT_CONVERSION = YES;
				CLANG_WARN_DEPRECATED_OBJC_IMPLEMENTATIONS = YES;
				CLANG_WARN_DIRECT_OBJC_ISA_USAGE = YES_ERROR;
				CLANG_WARN_DOCUMENTATION_COMMENTS = YES;
				CLANG_WARN_EMPTY_BODY = YES;
				CLANG_WARN_ENUM_CONVERSION = YES;
				CLANG_WARN_INFINITE_RECURSION = YES;
				CLANG_WARN_INT_CONVERSION = YES;
				CLANG_WARN_NON_LITERAL_NULL_CONVERSION = YES;
				CLANG_WARN_OBJC_IMPLICIT_RETAIN_SELF = YES;
				CLANG_WARN_OBJC_LITERAL_CONVERSION = YES;
				CLANG_WARN_OBJC_ROOT_CLASS = YES_ERROR;
				CLANG_WARN_RANGE_LOOP_ANALYSIS = YES;
				CLANG_WARN_STRICT_PROTOTYPES = YES;
				CLANG_WARN_SUSPICIOUS_MOVE = YES;
				CLANG_WARN_UNGUARDED_AVAILABILITY = YES_AGGRESSIVE;
				CLANG_WARN_UNREACHABLE_CODE = YES;
				CLANG_WARN__DUPLICATE_METHOD_MATCH = YES;
				CODE_SIGN_IDENTITY = "iPhone Developer";
				COPY_PHASE_STRIP = NO;
				DEBUG_INFORMATION_FORMAT = "dwarf-with-dsym";
				ENABLE_NS_ASSERTIONS = NO;
				ENABLE_STRICT_OBJC_MSGSEND = YES;
				GCC_C_LANGUAGE_STANDARD = gnu11;
				GCC_NO_COMMON_BLOCKS = YES;
				GCC_WARN_64_TO_32_BIT_CONVERSION = YES;
				GCC_WARN_ABOUT_RETURN_TYPE = YES_ERROR;
				GCC_WARN_UNDECLARED_SELECTOR = YES;
				GCC_WARN_UNINITIALIZED_AUTOS = YES_AGGRESSIVE;
				GCC_WARN_UNUSED_FUNCTION = YES;
				GCC_WARN_UNUSED_VARIABLE = YES;
				IPHONEOS_DEPLOYMENT_TARGET = 11.4;
				MTL_ENABLE_DEBUG_INFO = NO;
				SDKROOT = iphoneos;
				SWIFT_COMPILATION_MODE = wholemodule;
				SWIFT_OPTIMIZATION_LEVEL = "-O";
				VALIDATE_PRODUCT = YES;
			};
			name = Release;
		};
		F2E203D920E60D2900E3B5B2 /* Debug */ = {
			isa = XCBuildConfiguration;
			baseConfigurationReference = 47C36A70C714431C8ADC4025 /* Pods-Social Networking and Professional Development.debug.xcconfig */;
			buildSettings = {
				ASSETCATALOG_COMPILER_APPICON_NAME = AppIcon;
				CODE_SIGN_STYLE = Automatic;
				DEVELOPMENT_TEAM = SUBZ24DP5B;
				INFOPLIST_FILE = "Social Networking and Professional Development/Info.plist";
				LD_RUNPATH_SEARCH_PATHS = (
					"$(inherited)",
					"@executable_path/Frameworks",
				);
				PRODUCT_BUNDLE_IDENTIFIER = "com.perception.Social-Networking-and-Professional-Development";
				PRODUCT_NAME = "$(TARGET_NAME)";
				SWIFT_VERSION = 4.0;
				TARGETED_DEVICE_FAMILY = "1,2";
			};
			name = Debug;
		};
		F2E203DA20E60D2900E3B5B2 /* Release */ = {
			isa = XCBuildConfiguration;
			baseConfigurationReference = 62984F19ACBAE4AFCA1A4475 /* Pods-Social Networking and Professional Development.release.xcconfig */;
			buildSettings = {
				ASSETCATALOG_COMPILER_APPICON_NAME = AppIcon;
				CODE_SIGN_STYLE = Automatic;
				DEVELOPMENT_TEAM = SUBZ24DP5B;
				INFOPLIST_FILE = "Social Networking and Professional Development/Info.plist";
				LD_RUNPATH_SEARCH_PATHS = (
					"$(inherited)",
					"@executable_path/Frameworks",
				);
				PRODUCT_BUNDLE_IDENTIFIER = "com.perception.Social-Networking-and-Professional-Development";
				PRODUCT_NAME = "$(TARGET_NAME)";
				SWIFT_VERSION = 4.0;
				TARGETED_DEVICE_FAMILY = "1,2";
			};
			name = Release;
		};
/* End XCBuildConfiguration section */

/* Begin XCConfigurationList section */
		F2E203C120E60D2800E3B5B2 /* Build configuration list for PBXProject "Social Networking and Professional Development" */ = {
			isa = XCConfigurationList;
			buildConfigurations = (
				F2E203D620E60D2900E3B5B2 /* Debug */,
				F2E203D720E60D2900E3B5B2 /* Release */,
			);
			defaultConfigurationIsVisible = 0;
			defaultConfigurationName = Release;
		};
		F2E203D820E60D2900E3B5B2 /* Build configuration list for PBXNativeTarget "Social Networking and Professional Development" */ = {
			isa = XCConfigurationList;
			buildConfigurations = (
				F2E203D920E60D2900E3B5B2 /* Debug */,
				F2E203DA20E60D2900E3B5B2 /* Release */,
			);
			defaultConfigurationIsVisible = 0;
			defaultConfigurationName = Release;
		};
/* End XCConfigurationList section */
	};
	rootObject = F2E203BE20E60D2800E3B5B2 /* Project object */;
}
